
Microsoft Visual Studio Solution File, Format Version 12.00
# Visual Studio Version 17
VisualStudioVersion = 17.3.32825.248
MinimumVisualStudioVersion = 10.0.40219.1
Project("{FAE04EC0-301F-11D3-BF4B-00C04F79EFBC}") = "Pare_task", "Pare_task.csproj", "{55602815-03E6-4148-B775-46E0ADBEC26F}"
EndProject
Global
	GlobalSection(SolutionConfigurationPlatforms) = preSolution
		Debug|Any CPU = Debug|Any CPU
		Release|Any CPU = Release|Any CPU
	EndGlobalSection
	GlobalSection(ProjectConfigurationPlatforms) = postSolution
		{55602815-03E6-4148-B775-46E0ADBEC26F}.Debug|Any CPU.ActiveCfg = Debug|Any CPU
		{55602815-03E6-4148-B775-46E0ADBEC26F}.Debug|Any CPU.Build.0 = Debug|Any CPU
		{55602815-03E6-4148-B775-46E0ADBEC26F}.Release|Any CPU.ActiveCfg = Release|Any CPU
		{55602815-03E6-4148-B775-46E0ADBEC26F}.Release|Any CPU.Build.0 = Release|Any CPU
	EndGlobalSection
	GlobalSection(SolutionProperties) = preSolution
		HideSolutionNode = FALSE
	EndGlobalSection
	GlobalSection(ExtensibilityGlobals) = postSolution
		SolutionGuid = {FCAABFB9-647C-4D71-B4A0-2FB5988DB7B3}
	EndGlobalSection
EndGlobal
